
Microsoft Visual Studio Solution File, Format Version 11.00
# Visual Studio 2010
Project("{8BC9CEB8-8B4A-11D0-8D11-00A0C91BC942}") = "tinysynth", "tinysynth\tinysynth.vcxproj", "{1C654B4D-730E-4CF1-9F10-3D8686163EAC}"
EndProject
Global
	GlobalSection(SolutionConfigurationPlatforms) = preSolution
		Debug|Win32 = Debug|Win32
		Release|Win32 = Release|Win32
	EndGlobalSection
	GlobalSection(ProjectConfigurationPlatforms) = postSolution
		{1C654B4D-730E-4CF1-9F10-3D8686163EAC}.Debug|Win32.ActiveCfg = Debug|Win32
		{1C654B4D-730E-4CF1-9F10-3D8686163EAC}.Debug|Win32.Build.0 = Debug|Win32
		{1C654B4D-730E-4CF1-9F10-3D8686163EAC}.Release|Win32.ActiveCfg = Release|Win32
		{1C654B4D-730E-4CF1-9F10-3D8686163EAC}.Release|Win32.Build.0 = Release|Win32
	EndGlobalSection
	GlobalSection(SolutionProperties) = preSolution
		HideSolutionNode = FALSE
	EndGlobalSection
EndGlobal
